// !$*UTF8*$!
{
	archiveVersion = 1;
	classes = {
	};
	objectVersion = 45;
	objects = {

/* Begin PBXBuildFile section */
		07205DA41288705800FCC229 /* UIImage+RIFAddition.m in Sources */ = {isa = PBXBuildFile; fileRef = 07205DA31288705800FCC229 /* UIImage+RIFAddition.m */; };
		07542F6C1183639E004B03B0 /* FlixelFont.m in Sources */ = {isa = PBXBuildFile; fileRef = 07542F6B1183639E004B03B0 /* FlixelFont.m */; };
		075430BF11867D3D004B03B0 /* FlxTileblock.m in Sources */ = {isa = PBXBuildFile; fileRef = 075430BE11867D3D004B03B0 /* FlxTileblock.m */; };
		075430E511873B5D004B03B0 /* FlixelAPTBindings.m in Sources */ = {isa = PBXBuildFile; fileRef = 075430E411873B5D004B03B0 /* FlixelAPTBindings.m */; };
		076E6DAD1180D86B0084ECBC /* ___PROJECTNAME___.m in Sources */ = {isa = PBXBuildFile; fileRef = 076E6DAA1180D86B0084ECBC /* ___PROJECTNAME___.m */; };
		076E6DAE1180D86B0084ECBC /* ___PROJECTNAME___State.m in Sources */ = {isa = PBXBuildFile; fileRef = 076E6DAC1180D86B0084ECBC /* ___PROJECTNAME___State.m */; };
		076E6DE01180E00D0084ECBC /* FlashFunction.m in Sources */ = {isa = PBXBuildFile; fileRef = 076E6DC01180E00D0084ECBC /* FlashFunction.m */; };
		076E6DE11180E00D0084ECBC /* FlashObject.m in Sources */ = {isa = PBXBuildFile; fileRef = 076E6DC11180E00D0084ECBC /* FlashObject.m */; };
		076E6DE21180E00D0084ECBC /* FlashPoint.m in Sources */ = {isa = PBXBuildFile; fileRef = 076E6DC21180E00D0084ECBC /* FlashPoint.m */; };
		076E6DE31180E00D0084ECBC /* FlashRectangle.m in Sources */ = {isa = PBXBuildFile; fileRef = 076E6DC31180E00D0084ECBC /* FlashRectangle.m */; };
		076E6DE41180E00D0084ECBC /* FlxAnim.m in Sources */ = {isa = PBXBuildFile; fileRef = 076E6DC51180E00D0084ECBC /* FlxAnim.m */; };
		076E6DE51180E00D0084ECBC /* FlxButton.m in Sources */ = {isa = PBXBuildFile; fileRef = 076E6DC61180E00D0084ECBC /* FlxButton.m */; };
		076E6DE61180E00D0084ECBC /* FlxEmitter.m in Sources */ = {isa = PBXBuildFile; fileRef = 076E6DC71180E00D0084ECBC /* FlxEmitter.m */; };
		076E6DE71180E00D0084ECBC /* FlxFade.m in Sources */ = {isa = PBXBuildFile; fileRef = 076E6DC81180E00D0084ECBC /* FlxFade.m */; };
		076E6DE81180E00D0084ECBC /* FlxFlash.m in Sources */ = {isa = PBXBuildFile; fileRef = 076E6DC91180E00D0084ECBC /* FlxFlash.m */; };
		076E6DE91180E00D0084ECBC /* FlxG.m in Sources */ = {isa = PBXBuildFile; fileRef = 076E6DCA1180E00D0084ECBC /* FlxG.m */; };
		076E6DEA1180E00D0084ECBC /* FlxGLView.m in Sources */ = {isa = PBXBuildFile; fileRef = 076E6DCB1180E00D0084ECBC /* FlxGLView.m */; };
		076E6DEB1180E00D0084ECBC /* FlxGame.m in Sources */ = {isa = PBXBuildFile; fileRef = 076E6DCC1180E00D0084ECBC /* FlxGame.m */; };
		076E6DEC1180E00D0084ECBC /* FlxGroup.m in Sources */ = {isa = PBXBuildFile; fileRef = 076E6DCD1180E00D0084ECBC /* FlxGroup.m */; };
		076E6DED1180E00D0084ECBC /* FlxList.m in Sources */ = {isa = PBXBuildFile; fileRef = 076E6DCE1180E00D0084ECBC /* FlxList.m */; };
		076E6DEE1180E00D0084ECBC /* FlxManagedSprite.m in Sources */ = {isa = PBXBuildFile; fileRef = 076E6DCF1180E00D0084ECBC /* FlxManagedSprite.m */; };
		076E6DEF1180E00D0084ECBC /* FlxObject.m in Sources */ = {isa = PBXBuildFile; fileRef = 076E6DD01180E00D0084ECBC /* FlxObject.m */; };
		076E6DF01180E00D0084ECBC /* FlxPoint.m in Sources */ = {isa = PBXBuildFile; fileRef = 076E6DD11180E00D0084ECBC /* FlxPoint.m */; };
		076E6DF11180E00D0084ECBC /* FlxQuadTree.m in Sources */ = {isa = PBXBuildFile; fileRef = 076E6DD21180E00D0084ECBC /* FlxQuadTree.m */; };
		076E6DF21180E00D0084ECBC /* FlxQuake.m in Sources */ = {isa = PBXBuildFile; fileRef = 076E6DD31180E00D0084ECBC /* FlxQuake.m */; };
		076E6DF31180E00D0084ECBC /* FlxRect.m in Sources */ = {isa = PBXBuildFile; fileRef = 076E6DD41180E00D0084ECBC /* FlxRect.m */; };
		076E6DF41180E00D0084ECBC /* FlxSave.m in Sources */ = {isa = PBXBuildFile; fileRef = 076E6DD51180E00D0084ECBC /* FlxSave.m */; };
		076E6DF51180E00D0084ECBC /* FlxSound.m in Sources */ = {isa = PBXBuildFile; fileRef = 076E6DD61180E00D0084ECBC /* FlxSound.m */; };
		076E6DF61180E00D0084ECBC /* FlxSprite.m in Sources */ = {isa = PBXBuildFile; fileRef = 076E6DD71180E00D0084ECBC /* FlxSprite.m */; };
		076E6DF71180E00D0084ECBC /* FlxState.m in Sources */ = {isa = PBXBuildFile; fileRef = 076E6DD81180E00D0084ECBC /* FlxState.m */; };
		076E6DF81180E00D0084ECBC /* FlxText.m in Sources */ = {isa = PBXBuildFile; fileRef = 076E6DD91180E00D0084ECBC /* FlxText.m */; };
		076E6DF91180E00D0084ECBC /* FlxTouches.m in Sources */ = {isa = PBXBuildFile; fileRef = 076E6DDA1180E00D0084ECBC /* FlxTouches.m */; };
		076E6DFA1180E00D0084ECBC /* FlxU.m in Sources */ = {isa = PBXBuildFile; fileRef = 076E6DDB1180E00D0084ECBC /* FlxU.m */; };
		076E6DFB1180E00D0084ECBC /* SemiSecretFont.m in Sources */ = {isa = PBXBuildFile; fileRef = 076E6DDD1180E00D0084ECBC /* SemiSecretFont.m */; };
		076E6DFC1180E00D0084ECBC /* SemiSecretText.m in Sources */ = {isa = PBXBuildFile; fileRef = 076E6DDE1180E00D0084ECBC /* SemiSecretText.m */; };
		076E6DFD1180E00D0084ECBC /* SemiSecretTexture.m in Sources */ = {isa = PBXBuildFile; fileRef = 076E6DDF1180E00D0084ECBC /* SemiSecretTexture.m */; };
		076E6EB51180E3290084ECBC /* AVFoundation.framework in Frameworks */ = {isa = PBXBuildFile; fileRef = 076E6EB41180E3290084ECBC /* AVFoundation.framework */; };
		076E6EB71180E3290084ECBC /* AudioToolbox.framework in Frameworks */ = {isa = PBXBuildFile; fileRef = 076E6EB61180E3290084ECBC /* AudioToolbox.framework */; };
		076E6EB91180E3290084ECBC /* CoreAudio.framework in Frameworks */ = {isa = PBXBuildFile; fileRef = 076E6EB81180E3290084ECBC /* CoreAudio.framework */; };
		076E6EBB1180E3290084ECBC /* OpenAL.framework in Frameworks */ = {isa = PBXBuildFile; fileRef = 076E6EBA1180E3290084ECBC /* OpenAL.framework */; };
		076E6EE01180E34A0084ECBC /* CoreGraphics.framework in Frameworks */ = {isa = PBXBuildFile; fileRef = 076E6EDF1180E34A0084ECBC /* CoreGraphics.framework */; };
		1D3623260D0F684500981E51 /* AppDelegate.m in Sources */ = {isa = PBXBuildFile; fileRef = 1D3623250D0F684500981E51 /* AppDelegate.m */; };
		1D60589B0D05DD56006BFB54 /* main.m in Sources */ = {isa = PBXBuildFile; fileRef = 29B97316FDCFA39411CA2CEA /* main.m */; };
		1D60589F0D05DD5A006BFB54 /* Foundation.framework in Frameworks */ = {isa = PBXBuildFile; fileRef = 1D30AB110D05D00D00671497 /* Foundation.framework */; };
		1DF5F4E00D08C38300B7A737 /* UIKit.framework in Frameworks */ = {isa = PBXBuildFile; fileRef = 1DF5F4DF0D08C38300B7A737 /* UIKit.framework */; };
		28FD15000DC6FC520079059D /* OpenGLES.framework in Frameworks */ = {isa = PBXBuildFile; fileRef = 28FD14FF0DC6FC520079059D /* OpenGLES.framework */; };
		28FD15080DC6FC5B0079059D /* QuartzCore.framework in Frameworks */ = {isa = PBXBuildFile; fileRef = 28FD15070DC6FC5B0079059D /* QuartzCore.framework */; };
		D362EAFA12DDB506004A4206 /* Flixel.ttf in Resources */ = {isa = PBXBuildFile; fileRef = D362EAF912DDB506004A4206 /* Flixel.ttf */; };
/* End PBXBuildFile section */

/* Begin PBXFileReference section */
		07205DA21288705800FCC229 /* UIImage+RIFAddition.h */ = {isa = PBXFileReference; fileEncoding = 4; lastKnownFileType = sourcecode.c.h; path = "UIImage+RIFAddition.h"; sourceTree = "<group>"; };
		07205DA31288705800FCC229 /* UIImage+RIFAddition.m */ = {isa = PBXFileReference; fileEncoding = 4; lastKnownFileType = sourcecode.c.objc; path = "UIImage+RIFAddition.m"; sourceTree = "<group>"; };
		07542F6B1183639E004B03B0 /* FlixelFont.m */ = {isa = PBXFileReference; fileEncoding = 4; lastKnownFileType = sourcecode.c.objc; path = FlixelFont.m; sourceTree = "<group>"; };
		075430BE11867D3D004B03B0 /* FlxTileblock.m */ = {isa = PBXFileReference; fileEncoding = 4; lastKnownFileType = sourcecode.c.objc; path = FlxTileblock.m; sourceTree = "<group>"; };
		075430E411873B5D004B03B0 /* FlixelAPTBindings.m */ = {isa = PBXFileReference; fileEncoding = 4; lastKnownFileType = sourcecode.c.objc; path = FlixelAPTBindings.m; sourceTree = "<group>"; };
		076E6DA91180D86B0084ECBC /* ___PROJECTNAME___.h */ = {isa = PBXFileReference; fileEncoding = 4; lastKnownFileType = sourcecode.c.h; name = "___PROJECTNAME___.h"; path = "src/___PROJECTNAME___.h"; sourceTree = SOURCE_ROOT; };
		076E6DAA1180D86B0084ECBC /* ___PROJECTNAME___.m */ = {isa = PBXFileReference; fileEncoding = 4; lastKnownFileType = sourcecode.c.objc; name = "___PROJECTNAME___.m"; path = "src/___PROJECTNAME___.m"; sourceTree = SOURCE_ROOT; };
		076E6DAB1180D86B0084ECBC /* ___PROJECTNAME___State.h */ = {isa = PBXFileReference; fileEncoding = 4; lastKnownFileType = sourcecode.c.h; name = "___PROJECTNAME___State.h"; path = "src/___PROJECTNAME___State.h"; sourceTree = SOURCE_ROOT; };
		076E6DAC1180D86B0084ECBC /* ___PROJECTNAME___State.m */ = {isa = PBXFileReference; fileEncoding = 4; lastKnownFileType = sourcecode.c.objc; name = "___PROJECTNAME___State.m"; path = "src/___PROJECTNAME___State.m"; sourceTree = SOURCE_ROOT; };
		076E6DC01180E00D0084ECBC /* FlashFunction.m */ = {isa = PBXFileReference; fileEncoding = 4; lastKnownFileType = sourcecode.c.objc; path = FlashFunction.m; sourceTree = "<group>"; };
		076E6DC11180E00D0084ECBC /* FlashObject.m */ = {isa = PBXFileReference; fileEncoding = 4; lastKnownFileType = sourcecode.c.objc; path = FlashObject.m; sourceTree = "<group>"; };
		076E6DC21180E00D0084ECBC /* FlashPoint.m */ = {isa = PBXFileReference; fileEncoding = 4; lastKnownFileType = sourcecode.c.objc; path = FlashPoint.m; sourceTree = "<group>"; };
		076E6DC31180E00D0084ECBC /* FlashRectangle.m */ = {isa = PBXFileReference; fileEncoding = 4; lastKnownFileType = sourcecode.c.objc; path = FlashRectangle.m; sourceTree = "<group>"; };
		076E6DC51180E00D0084ECBC /* FlxAnim.m */ = {isa = PBXFileReference; fileEncoding = 4; lastKnownFileType = sourcecode.c.objc; path = FlxAnim.m; sourceTree = "<group>"; };
		076E6DC61180E00D0084ECBC /* FlxButton.m */ = {isa = PBXFileReference; fileEncoding = 4; lastKnownFileType = sourcecode.c.objc; path = FlxButton.m; sourceTree = "<group>"; };
		076E6DC71180E00D0084ECBC /* FlxEmitter.m */ = {isa = PBXFileReference; fileEncoding = 4; lastKnownFileType = sourcecode.c.objc; path = FlxEmitter.m; sourceTree = "<group>"; };
		076E6DC81180E00D0084ECBC /* FlxFade.m */ = {isa = PBXFileReference; fileEncoding = 4; lastKnownFileType = sourcecode.c.objc; path = FlxFade.m; sourceTree = "<group>"; };
		076E6DC91180E00D0084ECBC /* FlxFlash.m */ = {isa = PBXFileReference; fileEncoding = 4; lastKnownFileType = sourcecode.c.objc; path = FlxFlash.m; sourceTree = "<group>"; };
		076E6DCA1180E00D0084ECBC /* FlxG.m */ = {isa = PBXFileReference; fileEncoding = 4; lastKnownFileType = sourcecode.c.objc; path = FlxG.m; sourceTree = "<group>"; };
		076E6DCB1180E00D0084ECBC /* FlxGLView.m */ = {isa = PBXFileReference; fileEncoding = 4; lastKnownFileType = sourcecode.c.objc; path = FlxGLView.m; sourceTree = "<group>"; };
		076E6DCC1180E00D0084ECBC /* FlxGame.m */ = {isa = PBXFileReference; fileEncoding = 4; lastKnownFileType = sourcecode.c.objc; path = FlxGame.m; sourceTree = "<group>"; };
		076E6DCD1180E00D0084ECBC /* FlxGroup.m */ = {isa = PBXFileReference; fileEncoding = 4; lastKnownFileType = sourcecode.c.objc; path = FlxGroup.m; sourceTree = "<group>"; };
		076E6DCE1180E00D0084ECBC /* FlxList.m */ = {isa = PBXFileReference; fileEncoding = 4; lastKnownFileType = sourcecode.c.objc; path = FlxList.m; sourceTree = "<group>"; };
		076E6DCF1180E00D0084ECBC /* FlxManagedSprite.m */ = {isa = PBXFileReference; fileEncoding = 4; lastKnownFileType = sourcecode.c.objc; path = FlxManagedSprite.m; sourceTree = "<group>"; };
		076E6DD01180E00D0084ECBC /* FlxObject.m */ = {isa = PBXFileReference; fileEncoding = 4; lastKnownFileType = sourcecode.c.objc; path = FlxObject.m; sourceTree = "<group>"; };
		076E6DD11180E00D0084ECBC /* FlxPoint.m */ = {isa = PBXFileReference; fileEncoding = 4; lastKnownFileType = sourcecode.c.objc; path = FlxPoint.m; sourceTree = "<group>"; };
		076E6DD21180E00D0084ECBC /* FlxQuadTree.m */ = {isa = PBXFileReference; fileEncoding = 4; lastKnownFileType = sourcecode.c.objc; path = FlxQuadTree.m; sourceTree = "<group>"; };
		076E6DD31180E00D0084ECBC /* FlxQuake.m */ = {isa = PBXFileReference; fileEncoding = 4; lastKnownFileType = sourcecode.c.objc; path = FlxQuake.m; sourceTree = "<group>"; };
		076E6DD41180E00D0084ECBC /* FlxRect.m */ = {isa = PBXFileReference; fileEncoding = 4; lastKnownFileType = sourcecode.c.objc; path = FlxRect.m; sourceTree = "<group>"; };
		076E6DD51180E00D0084ECBC /* FlxSave.m */ = {isa = PBXFileReference; fileEncoding = 4; lastKnownFileType = sourcecode.c.objc; path = FlxSave.m; sourceTree = "<group>"; };
		076E6DD61180E00D0084ECBC /* FlxSound.m */ = {isa = PBXFileReference; fileEncoding = 4; lastKnownFileType = sourcecode.c.objc; path = FlxSound.m; sourceTree = "<group>"; };
		076E6DD71180E00D0084ECBC /* FlxSprite.m */ = {isa = PBXFileReference; fileEncoding = 4; lastKnownFileType = sourcecode.c.objc; path = FlxSprite.m; sourceTree = "<group>"; };
		076E6DD81180E00D0084ECBC /* FlxState.m */ = {isa = PBXFileReference; fileEncoding = 4; lastKnownFileType = sourcecode.c.objc; path = FlxState.m; sourceTree = "<group>"; };
		076E6DD91180E00D0084ECBC /* FlxText.m */ = {isa = PBXFileReference; fileEncoding = 4; lastKnownFileType = sourcecode.c.objc; path = FlxText.m; sourceTree = "<group>"; };
		076E6DDA1180E00D0084ECBC /* FlxTouches.m */ = {isa = PBXFileReference; fileEncoding = 4; lastKnownFileType = sourcecode.c.objc; path = FlxTouches.m; sourceTree = "<group>"; };
		076E6DDB1180E00D0084ECBC /* FlxU.m */ = {isa = PBXFileReference; fileEncoding = 4; lastKnownFileType = sourcecode.c.objc; path = FlxU.m; sourceTree = "<group>"; };
		076E6DDD1180E00D0084ECBC /* SemiSecretFont.m */ = {isa = PBXFileReference; fileEncoding = 4; lastKnownFileType = sourcecode.c.objc; path = SemiSecretFont.m; sourceTree = "<group>"; };
		076E6DDE1180E00D0084ECBC /* SemiSecretText.m */ = {isa = PBXFileReference; fileEncoding = 4; lastKnownFileType = sourcecode.c.objc; path = SemiSecretText.m; sourceTree = "<group>"; };
		076E6DDF1180E00D0084ECBC /* SemiSecretTexture.m */ = {isa = PBXFileReference; fileEncoding = 4; lastKnownFileType = sourcecode.c.objc; path = SemiSecretTexture.m; sourceTree = "<group>"; };
		076E6EB41180E3290084ECBC /* AVFoundation.framework */ = {isa = PBXFileReference; lastKnownFileType = wrapper.framework; name = AVFoundation.framework; path = System/Library/Frameworks/AVFoundation.framework; sourceTree = SDKROOT; };
		076E6EB61180E3290084ECBC /* AudioToolbox.framework */ = {isa = PBXFileReference; lastKnownFileType = wrapper.framework; name = AudioToolbox.framework; path = System/Library/Frameworks/AudioToolbox.framework; sourceTree = SDKROOT; };
		076E6EB81180E3290084ECBC /* CoreAudio.framework */ = {isa = PBXFileReference; lastKnownFileType = wrapper.framework; name = CoreAudio.framework; path = System/Library/Frameworks/CoreAudio.framework; sourceTree = SDKROOT; };
		076E6EBA1180E3290084ECBC /* OpenAL.framework */ = {isa = PBXFileReference; lastKnownFileType = wrapper.framework; name = OpenAL.framework; path = System/Library/Frameworks/OpenAL.framework; sourceTree = SDKROOT; };
		076E6EDF1180E34A0084ECBC /* CoreGraphics.framework */ = {isa = PBXFileReference; lastKnownFileType = wrapper.framework; name = CoreGraphics.framework; path = System/Library/Frameworks/CoreGraphics.framework; sourceTree = SDKROOT; };
		1D30AB110D05D00D00671497 /* Foundation.framework */ = {isa = PBXFileReference; lastKnownFileType = wrapper.framework; name = Foundation.framework; path = System/Library/Frameworks/Foundation.framework; sourceTree = SDKROOT; };
		1D3623240D0F684500981E51 /* AppDelegate.h */ = {isa = PBXFileReference; fileEncoding = 4; lastKnownFileType = sourcecode.c.h; path = AppDelegate.h; sourceTree = "<group>"; };
		1D3623250D0F684500981E51 /* AppDelegate.m */ = {isa = PBXFileReference; fileEncoding = 4; lastKnownFileType = sourcecode.c.objc; path = AppDelegate.m; sourceTree = "<group>"; };
		1D6058910D05DD3D006BFB54 /* ___PROJECTNAME___.app */ = {isa = PBXFileReference; explicitFileType = wrapper.application; includeInIndex = 0; path = "___PROJECTNAME___.app"; sourceTree = BUILT_PRODUCTS_DIR; };
		1DF5F4DF0D08C38300B7A737 /* UIKit.framework */ = {isa = PBXFileReference; lastKnownFileType = wrapper.framework; name = UIKit.framework; path = System/Library/Frameworks/UIKit.framework; sourceTree = SDKROOT; };
		28FD14FF0DC6FC520079059D /* OpenGLES.framework */ = {isa = PBXFileReference; lastKnownFileType = wrapper.framework; name = OpenGLES.framework; path = System/Library/Frameworks/OpenGLES.framework; sourceTree = SDKROOT; };
		28FD15070DC6FC5B0079059D /* QuartzCore.framework */ = {isa = PBXFileReference; lastKnownFileType = wrapper.framework; name = QuartzCore.framework; path = System/Library/Frameworks/QuartzCore.framework; sourceTree = SDKROOT; };
		29B97316FDCFA39411CA2CEA /* main.m */ = {isa = PBXFileReference; fileEncoding = 4; lastKnownFileType = sourcecode.c.objc; path = main.m; sourceTree = "<group>"; };
		32CA4F630368D1EE00C91783 /* Prefix.pch */ = {isa = PBXFileReference; fileEncoding = 4; lastKnownFileType = sourcecode.c.h; path = Prefix.pch; sourceTree = "<group>"; };
		8D1107310486CEB800E47090 /* Info.plist */ = {isa = PBXFileReference; fileEncoding = 4; lastKnownFileType = text.plist.xml; path = Info.plist; plistStructureDefinitionIdentifier = "com.apple.xcode.plist.structure-definition.iphone.info-plist"; sourceTree = "<group>"; };
		D362EAF912DDB506004A4206 /* Flixel.ttf */ = {isa = PBXFileReference; lastKnownFileType = file; name = Flixel.ttf; path = "flixel-ios/fonts/Flixel.ttf"; sourceTree = "<group>"; };
/* End PBXFileReference section */

/* Begin PBXFrameworksBuildPhase section */
		1D60588F0D05DD3D006BFB54 /* Frameworks */ = {
			isa = PBXFrameworksBuildPhase;
			buildActionMask = 2147483647;
			files = (
				1D60589F0D05DD5A006BFB54 /* Foundation.framework in Frameworks */,
				1DF5F4E00D08C38300B7A737 /* UIKit.framework in Frameworks */,
				28FD15000DC6FC520079059D /* OpenGLES.framework in Frameworks */,
				28FD15080DC6FC5B0079059D /* QuartzCore.framework in Frameworks */,
				076E6EB51180E3290084ECBC /* AVFoundation.framework in Frameworks */,
				076E6EB71180E3290084ECBC /* AudioToolbox.framework in Frameworks */,
				076E6EB91180E3290084ECBC /* CoreAudio.framework in Frameworks */,
				076E6EBB1180E3290084ECBC /* OpenAL.framework in Frameworks */,
				076E6EE01180E34A0084ECBC /* CoreGraphics.framework in Frameworks */,
			);
			runOnlyForDeploymentPostprocessing = 0;
		};
/* End PBXFrameworksBuildPhase section */

/* Begin PBXGroup section */
		07542F4411836252004B03B0 /* fonts */ = {
			isa = PBXGroup;
			children = (
				07542F6B1183639E004B03B0 /* FlixelFont.m */,
			);
			name = fonts;
			path = "flixel-ios/fonts";
			sourceTree = SOURCE_ROOT;
		};
		076E6DA81180D85D0084ECBC /* HelloWorld */ = {
			isa = PBXGroup;
			children = (
				076E6DA91180D86B0084ECBC /* ___PROJECTNAME___.h */,
				076E6DAA1180D86B0084ECBC /* ___PROJECTNAME___.m */,
				076E6DAB1180D86B0084ECBC /* ___PROJECTNAME___State.h */,
				076E6DAC1180D86B0084ECBC /* ___PROJECTNAME___State.m */,
			);
			name = HelloWorld;
			sourceTree = "<group>";
		};
		076E6DBE1180DFF60084ECBC /* flixel */ = {
			isa = PBXGroup;
			children = (
				07542F4411836252004B03B0 /* fonts */,
				076E6DBF1180E00D0084ECBC /* Flash */,
				076E6DC41180E00D0084ECBC /* Flixel */,
				076E6DDC1180E00D0084ECBC /* SemiSecret */,
			);
			name = flixel;
			sourceTree = "<group>";
		};
		076E6DBF1180E00D0084ECBC /* Flash */ = {
			isa = PBXGroup;
			children = (
				076E6DC01180E00D0084ECBC /* FlashFunction.m */,
				076E6DC11180E00D0084ECBC /* FlashObject.m */,
				076E6DC21180E00D0084ECBC /* FlashPoint.m */,
				076E6DC31180E00D0084ECBC /* FlashRectangle.m */,
			);
			name = Flash;
			path = "flixel-ios/src/Flash";
			sourceTree = SOURCE_ROOT;
		};
		076E6DC41180E00D0084ECBC /* Flixel */ = {
			isa = PBXGroup;
			children = (
				075430E411873B5D004B03B0 /* FlixelAPTBindings.m */,
				075430BE11867D3D004B03B0 /* FlxTileblock.m */,
				076E6DC51180E00D0084ECBC /* FlxAnim.m */,
				076E6DC61180E00D0084ECBC /* FlxButton.m */,
				076E6DC71180E00D0084ECBC /* FlxEmitter.m */,
				076E6DC81180E00D0084ECBC /* FlxFade.m */,
				076E6DC91180E00D0084ECBC /* FlxFlash.m */,
				076E6DCA1180E00D0084ECBC /* FlxG.m */,
				076E6DCB1180E00D0084ECBC /* FlxGLView.m */,
				076E6DCC1180E00D0084ECBC /* FlxGame.m */,
				076E6DCD1180E00D0084ECBC /* FlxGroup.m */,
				076E6DCE1180E00D0084ECBC /* FlxList.m */,
				076E6DCF1180E00D0084ECBC /* FlxManagedSprite.m */,
				076E6DD01180E00D0084ECBC /* FlxObject.m */,
				076E6DD11180E00D0084ECBC /* FlxPoint.m */,
				076E6DD21180E00D0084ECBC /* FlxQuadTree.m */,
				076E6DD31180E00D0084ECBC /* FlxQuake.m */,
				076E6DD41180E00D0084ECBC /* FlxRect.m */,
				076E6DD51180E00D0084ECBC /* FlxSave.m */,
				076E6DD61180E00D0084ECBC /* FlxSound.m */,
				076E6DD71180E00D0084ECBC /* FlxSprite.m */,
				076E6DD81180E00D0084ECBC /* FlxState.m */,
				076E6DD91180E00D0084ECBC /* FlxText.m */,
				076E6DDA1180E00D0084ECBC /* FlxTouches.m */,
				076E6DDB1180E00D0084ECBC /* FlxU.m */,
			);
			name = Flixel;
			path = "flixel-ios/src/Flixel";
			sourceTree = SOURCE_ROOT;
		};
		076E6DDC1180E00D0084ECBC /* SemiSecret */ = {
			isa = PBXGroup;
			children = (
				076E6DDD1180E00D0084ECBC /* SemiSecretFont.m */,
				076E6DDE1180E00D0084ECBC /* SemiSecretText.m */,
				076E6DDF1180E00D0084ECBC /* SemiSecretTexture.m */,
			);
			name = SemiSecret;
			path = "flixel-ios/src/SemiSecret";
			sourceTree = SOURCE_ROOT;
		};
		080E96DDFE201D6D7F000001 /* Classes */ = {
			isa = PBXGroup;
			children = (
				07205DA21288705800FCC229 /* UIImage+RIFAddition.h */,
				07205DA31288705800FCC229 /* UIImage+RIFAddition.m */,
				1D3623240D0F684500981E51 /* AppDelegate.h */,
				1D3623250D0F684500981E51 /* AppDelegate.m */,
				076E6DBE1180DFF60084ECBC /* flixel */,
				076E6DA81180D85D0084ECBC /* HelloWorld */,
			);
			path = Classes;
			sourceTree = "<group>";
		};
		19C28FACFE9D520D11CA2CBB /* Products */ = {
			isa = PBXGroup;
			children = (
				1D6058910D05DD3D006BFB54 /* ___PROJECTNAME___.app */,
			);
			name = Products;
			sourceTree = "<group>";
		};
		29B97314FDCFA39411CA2CEA /* CustomTemplate */ = {
			isa = PBXGroup;
			children = (
				080E96DDFE201D6D7F000001 /* Classes */,
				29B97315FDCFA39411CA2CEA /* Other Sources */,
				29B97317FDCFA39411CA2CEA /* Resources */,
				29B97323FDCFA39411CA2CEA /* Frameworks */,
				19C28FACFE9D520D11CA2CBB /* Products */,
			);
			name = CustomTemplate;
			sourceTree = "<group>";
		};
		29B97315FDCFA39411CA2CEA /* Other Sources */ = {
			isa = PBXGroup;
			children = (
				32CA4F630368D1EE00C91783 /* Prefix.pch */,
				29B97316FDCFA39411CA2CEA /* main.m */,
			);
			name = "Other Sources";
			sourceTree = "<group>";
		};
		29B97317FDCFA39411CA2CEA /* Resources */ = {
			isa = PBXGroup;
			children = (
				D362EAF912DDB506004A4206 /* Flixel.ttf */,
				8D1107310486CEB800E47090 /* Info.plist */,
			);
			name = Resources;
			sourceTree = "<group>";
		};
		29B97323FDCFA39411CA2CEA /* Frameworks */ = {
			isa = PBXGroup;
			children = (
				076E6EDF1180E34A0084ECBC /* CoreGraphics.framework */,
				076E6EB41180E3290084ECBC /* AVFoundation.framework */,
				076E6EB61180E3290084ECBC /* AudioToolbox.framework */,
				076E6EB81180E3290084ECBC /* CoreAudio.framework */,
				076E6EBA1180E3290084ECBC /* OpenAL.framework */,
				28FD15070DC6FC5B0079059D /* QuartzCore.framework */,
				28FD14FF0DC6FC520079059D /* OpenGLES.framework */,
				1DF5F4DF0D08C38300B7A737 /* UIKit.framework */,
				1D30AB110D05D00D00671497 /* Foundation.framework */,
			);
			name = Frameworks;
			sourceTree = "<group>";
		};
/* End PBXGroup section */

/* Begin PBXNativeTarget section */
		1D6058900D05DD3D006BFB54 /* FlixelBasic */ = {
			isa = PBXNativeTarget;
			buildConfigurationList = 1D6058960D05DD3E006BFB54 /* Build configuration list for PBXNativeTarget "FlixelBasic" */;
			buildPhases = (
				1D60588D0D05DD3D006BFB54 /* Resources */,
				1D60588E0D05DD3D006BFB54 /* Sources */,
				1D60588F0D05DD3D006BFB54 /* Frameworks */,
			);
			buildRules = (
			);
			dependencies = (
			);
			name = FlixelBasic;
			productName = Canabalt;
			productReference = 1D6058910D05DD3D006BFB54 /* ___PROJECTNAME___.app */;
			productType = "com.apple.product-type.application";
		};
/* End PBXNativeTarget section */

/* Begin PBXProject section */
		29B97313FDCFA39411CA2CEA /* Project object */ = {
			isa = PBXProject;
			buildConfigurationList = C01FCF4E08A954540054247B /* Build configuration list for PBXProject "___PROJECTNAME___" */;
			compatibilityVersion = "Xcode 3.1";
			developmentRegion = English;
			hasScannedForEncodings = 1;
			knownRegions = (
				English,
				Japanese,
				French,
				German,
			);
			mainGroup = 29B97314FDCFA39411CA2CEA /* CustomTemplate */;
			projectDirPath = "";
			projectRoot = "";
			targets = (
				1D6058900D05DD3D006BFB54 /* FlixelBasic */,
			);
		};
/* End PBXProject section */

/* Begin PBXResourcesBuildPhase section */
		1D60588D0D05DD3D006BFB54 /* Resources */ = {
			isa = PBXResourcesBuildPhase;
			buildActionMask = 2147483647;
			files = (
				D362EAFA12DDB506004A4206 /* Flixel.ttf in Resources */,
			);
			runOnlyForDeploymentPostprocessing = 0;
		};
/* End PBXResourcesBuildPhase section */

/* Begin PBXSourcesBuildPhase section */
		1D60588E0D05DD3D006BFB54 /* Sources */ = {
			isa = PBXSourcesBuildPhase;
			buildActionMask = 2147483647;
			files = (
				1D60589B0D05DD56006BFB54 /* main.m in Sources */,
				1D3623260D0F684500981E51 /* AppDelegate.m in Sources */,
				076E6DAD1180D86B0084ECBC /* ___PROJECTNAME___.m in Sources */,
				076E6DAE1180D86B0084ECBC /* ___PROJECTNAME___State.m in Sources */,
				076E6DE01180E00D0084ECBC /* FlashFunction.m in Sources */,
				076E6DE11180E00D0084ECBC /* FlashObject.m in Sources */,
				076E6DE21180E00D0084ECBC /* FlashPoint.m in Sources */,
				076E6DE31180E00D0084ECBC /* FlashRectangle.m in Sources */,
				076E6DE41180E00D0084ECBC /* FlxAnim.m in Sources */,
				076E6DE51180E00D0084ECBC /* FlxButton.m in Sources */,
				076E6DE61180E00D0084ECBC /* FlxEmitter.m in Sources */,
				076E6DE71180E00D0084ECBC /* FlxFade.m in Sources */,
				076E6DE81180E00D0084ECBC /* FlxFlash.m in Sources */,
				076E6DE91180E00D0084ECBC /* FlxG.m in Sources */,
				076E6DEA1180E00D0084ECBC /* FlxGLView.m in Sources */,
				076E6DEB1180E00D0084ECBC /* FlxGame.m in Sources */,
				076E6DEC1180E00D0084ECBC /* FlxGroup.m in Sources */,
				076E6DED1180E00D0084ECBC /* FlxList.m in Sources */,
				076E6DEE1180E00D0084ECBC /* FlxManagedSprite.m in Sources */,
				076E6DEF1180E00D0084ECBC /* FlxObject.m in Sources */,
				076E6DF01180E00D0084ECBC /* FlxPoint.m in Sources */,
				076E6DF11180E00D0084ECBC /* FlxQuadTree.m in Sources */,
				076E6DF21180E00D0084ECBC /* FlxQuake.m in Sources */,
				076E6DF31180E00D0084ECBC /* FlxRect.m in Sources */,
				076E6DF41180E00D0084ECBC /* FlxSave.m in Sources */,
				076E6DF51180E00D0084ECBC /* FlxSound.m in Sources */,
				076E6DF61180E00D0084ECBC /* FlxSprite.m in Sources */,
				076E6DF71180E00D0084ECBC /* FlxState.m in Sources */,
				076E6DF81180E00D0084ECBC /* FlxText.m in Sources */,
				076E6DF91180E00D0084ECBC /* FlxTouches.m in Sources */,
				076E6DFA1180E00D0084ECBC /* FlxU.m in Sources */,
				076E6DFB1180E00D0084ECBC /* SemiSecretFont.m in Sources */,
				076E6DFC1180E00D0084ECBC /* SemiSecretText.m in Sources */,
				076E6DFD1180E00D0084ECBC /* SemiSecretTexture.m in Sources */,
				07542F6C1183639E004B03B0 /* FlixelFont.m in Sources */,
				075430BF11867D3D004B03B0 /* FlxTileblock.m in Sources */,
				075430E511873B5D004B03B0 /* FlixelAPTBindings.m in Sources */,
				07205DA41288705800FCC229 /* UIImage+RIFAddition.m in Sources */,
			);
			runOnlyForDeploymentPostprocessing = 0;
		};
/* End PBXSourcesBuildPhase section */

/* Begin XCBuildConfiguration section */
		0775198911C2FBE400B3FF3D /* App Store */ = {
			isa = XCBuildConfiguration;
			buildSettings = {
				ARCHS = "$(ARCHS_STANDARD_32_BIT)";
				"ARCHS[sdk=iphoneos*]" = "$(ARCHS_STANDARD_32_BIT)";
				"ARCHS[sdk=iphonesimulator*]" = i386;
				"CODE_SIGN_IDENTITY[sdk=iphoneos*]" = "iPhone Distribution: Darrel Johnson";
				COMPRESS_PNG_FILES = YES;
				GCC_C_LANGUAGE_STANDARD = c99;
				GCC_THUMB_SUPPORT = YES;
				GCC_WARN_ABOUT_RETURN_TYPE = YES;
				GCC_WARN_UNUSED_VARIABLE = YES;
				IPHONEOS_DEPLOYMENT_TARGET = 3.0;
				OTHER_CFLAGS = "-DNS_BLOCK_ASSERTIONS=1";
				PREBINDING = NO;
				"PROVISIONING_PROFILE[sdk=iphoneos*]" = "739A9136-0A9B-406F-8D3B-159EA2D34F05";
				SDKROOT = iphoneos;
				TARGETED_DEVICE_FAMILY = "1,2";
				VALID_ARCHS = "";
			};
			name = "App Store";
		};
		0775198A11C2FBE400B3FF3D /* App Store */ = {
			isa = XCBuildConfiguration;
			buildSettings = {
				ALWAYS_SEARCH_USER_PATHS = NO;
				"ARCHS[sdk=iphoneos*]" = "$(ARCHS_STANDARD_32_BIT)";
				"CODE_SIGN_IDENTITY[sdk=iphoneos*]" = "iPhone Distribution: Darrel Johnson";
				COPY_PHASE_STRIP = YES;
				GCC_OPTIMIZATION_LEVEL = s;
				GCC_PRECOMPILE_PREFIX_HEADER = YES;
				GCC_PREFIX_HEADER = Canabalt_Prefix.pch;
				GCC_THUMB_SUPPORT = NO;
				"GCC_THUMB_SUPPORT[arch=armv6]" = "";
				HEADER_SEARCH_PATHS = "\"$(PROJECT_DIR)/flixel-ios/Headers\"";
				INFOPLIST_FILE = Info.plist;
				IPHONEOS_DEPLOYMENT_TARGET = 3.1.3;
				PRODUCT_NAME = "___PROJECTNAME___";
				"PROVISIONING_PROFILE[sdk=iphoneos*]" = "739A9136-0A9B-406F-8D3B-159EA2D34F05";
				SDKROOT = iphoneos;
				TARGETED_DEVICE_FAMILY = "1,2";
				VALIDATE_PRODUCT = YES;
			};
			name = "App Store";
		};
		1D6058940D05DD3E006BFB54 /* Debug */ = {
			isa = XCBuildConfiguration;
			buildSettings = {
				ALWAYS_SEARCH_USER_PATHS = NO;
				"ARCHS[sdk=iphoneos*]" = "$(ARCHS_STANDARD_32_BIT)";
				"CODE_SIGN_IDENTITY[sdk=iphoneos*]" = "iPhone Developer: Darrel Johnson (J888WX2QM5)";
				COPY_PHASE_STRIP = NO;
				GCC_DYNAMIC_NO_PIC = NO;
				GCC_OPTIMIZATION_LEVEL = s;
				GCC_PRECOMPILE_PREFIX_HEADER = YES;
				GCC_PREFIX_HEADER = Prefix.pch;
				GCC_THUMB_SUPPORT = NO;
				"GCC_THUMB_SUPPORT[arch=armv6]" = "";
				HEADER_SEARCH_PATHS = "\"$(PROJECT_DIR)/flixel-ios/Headers\"";
				INFOPLIST_FILE = Info.plist;
				IPHONEOS_DEPLOYMENT_TARGET = 3.1;
				PRODUCT_NAME = "___PROJECTNAME___";
				"PROVISIONING_PROFILE[sdk=iphoneos*]" = "D4754EFE-9CDA-4260-B87B-1BBEBEB4A168";
				SDKROOT = iphoneos;
				TARGETED_DEVICE_FAMILY = "1,2";
			};
			name = Debug;
		};
		1D6058950D05DD3E006BFB54 /* Release */ = {
			isa = XCBuildConfiguration;
			buildSettings = {
				ALWAYS_SEARCH_USER_PATHS = NO;
				"ARCHS[sdk=iphoneos*]" = "$(ARCHS_STANDARD_32_BIT)";
				"CODE_SIGN_IDENTITY[sdk=iphoneos*]" = "iPhone Developer: Darrel Johnson (J888WX2QM5)";
				COPY_PHASE_STRIP = YES;
				GCC_OPTIMIZATION_LEVEL = s;
				GCC_PRECOMPILE_PREFIX_HEADER = YES;
				GCC_PREFIX_HEADER = Canabalt_Prefix.pch;
				GCC_THUMB_SUPPORT = NO;
				"GCC_THUMB_SUPPORT[arch=armv6]" = "";
				HEADER_SEARCH_PATHS = "\"$(PROJECT_DIR)/flixel-ios/Headers\"";
				INFOPLIST_FILE = Info.plist;
				IPHONEOS_DEPLOYMENT_TARGET = 3.1.3;
				PRODUCT_NAME = "___PROJECTNAME___";
				"PROVISIONING_PROFILE[sdk=iphoneos*]" = "D4754EFE-9CDA-4260-B87B-1BBEBEB4A168";
				SDKROOT = iphoneos;
				TARGETED_DEVICE_FAMILY = "1,2";
				VALIDATE_PRODUCT = YES;
			};
			name = Release;
		};
		C01FCF4F08A954540054247B /* Debug */ = {
			isa = XCBuildConfiguration;
			buildSettings = {
				ARCHS = "$(ARCHS_STANDARD_32_BIT)";
				"ARCHS[sdk=iphoneos*]" = "$(ARCHS_STANDARD_32_BIT)";
				"ARCHS[sdk=iphonesimulator*]" = i386;
				"CODE_SIGN_IDENTITY[sdk=iphoneos*]" = "iPhone Developer: Darrel Johnson (J888WX2QM5)";
				COMPRESS_PNG_FILES = YES;
				GCC_C_LANGUAGE_STANDARD = c99;
				GCC_PREPROCESSOR_DEFINITIONS = DEBUG;
				GCC_THUMB_SUPPORT = YES;
				GCC_WARN_ABOUT_RETURN_TYPE = YES;
				GCC_WARN_UNUSED_VARIABLE = YES;
				IPHONEOS_DEPLOYMENT_TARGET = 3.0;
				PREBINDING = NO;
				"PROVISIONING_PROFILE[sdk=iphoneos*]" = "D4754EFE-9CDA-4260-B87B-1BBEBEB4A168";
				SDKROOT = iphoneos;
				TARGETED_DEVICE_FAMILY = "1,2";
				VALID_ARCHS = "";
			};
			name = Debug;
		};
		C01FCF5008A954540054247B /* Release */ = {
			isa = XCBuildConfiguration;
			buildSettings = {
				ARCHS = "$(ARCHS_STANDARD_32_BIT)";
				"ARCHS[sdk=iphoneos*]" = "$(ARCHS_STANDARD_32_BIT)";
				"ARCHS[sdk=iphonesimulator*]" = i386;
				"CODE_SIGN_IDENTITY[sdk=iphoneos*]" = "iPhone Developer: Darrel Johnson (J888WX2QM5)";
				COMPRESS_PNG_FILES = YES;
				GCC_C_LANGUAGE_STANDARD = c99;
				GCC_THUMB_SUPPORT = NO;
				"GCC_THUMB_SUPPORT[arch=armv6]" = NO;
				"GCC_THUMB_SUPPORT[arch=armv7]" = YES;
				GCC_WARN_ABOUT_RETURN_TYPE = YES;
				GCC_WARN_UNUSED_VARIABLE = YES;
				IPHONEOS_DEPLOYMENT_TARGET = 3.0;
				OTHER_CFLAGS = "-DNS_BLOCK_ASSERTIONS=1";
				PREBINDING = NO;
				"PROVISIONING_PROFILE[sdk=iphoneos*]" = "508317EB-FEF7-4E7C-A4E7-EC0F3E638C59";
				SDKROOT = iphoneos;
				TARGETED_DEVICE_FAMILY = "1,2";
				VALID_ARCHS = "";
			};
			name = Release;
		};
/* End XCBuildConfiguration section */

/* Begin XCConfigurationList section */
		1D6058960D05DD3E006BFB54 /* Build configuration list for PBXNativeTarget "FlixelBasic" */ = {
			isa = XCConfigurationList;
			buildConfigurations = (
				1D6058940D05DD3E006BFB54 /* Debug */,
				1D6058950D05DD3E006BFB54 /* Release */,
				0775198A11C2FBE400B3FF3D /* App Store */,
			);
			defaultConfigurationIsVisible = 0;
			defaultConfigurationName = Release;
		};
		C01FCF4E08A954540054247B /* Build configuration list for PBXProject "___PROJECTNAME___" */ = {
			isa = XCConfigurationList;
			buildConfigurations = (
				C01FCF4F08A954540054247B /* Debug */,
				C01FCF5008A954540054247B /* Release */,
				0775198911C2FBE400B3FF3D /* App Store */,
			);
			defaultConfigurationIsVisible = 0;
			defaultConfigurationName = Release;
		};
/* End XCConfigurationList section */
	};
	rootObject = 29B97313FDCFA39411CA2CEA /* Project object */;
}
